
Microsoft Visual Studio Solution File, Format Version 12.00
# Visual Studio Version 17
VisualStudioVersion = 17.14.37012.4
MinimumVisualStudioVersion = 10.0.40219.1
Project("{FAE04EC0-301F-11D3-BF4B-00C04F79EFBC}") = "TechMove Logistics Application", "TechMove Logistics Application.csproj", "{EC2E214C-93A2-4E88-B1CF-F46901F25D01}"
EndProject
Global
	GlobalSection(SolutionConfigurationPlatforms) = preSolution
		Debug|Any CPU = Debug|Any CPU
		Release|Any CPU = Release|Any CPU
	EndGlobalSection
	GlobalSection(ProjectConfigurationPlatforms) = postSolution
		{EC2E214C-93A2-4E88-B1CF-F46901F25D01}.Debug|Any CPU.ActiveCfg = Debug|Any CPU
		{EC2E214C-93A2-4E88-B1CF-F46901F25D01}.Debug|Any CPU.Build.0 = Debug|Any CPU
		{EC2E214C-93A2-4E88-B1CF-F46901F25D01}.Release|Any CPU.ActiveCfg = Release|Any CPU
		{EC2E214C-93A2-4E88-B1CF-F46901F25D01}.Release|Any CPU.Build.0 = Release|Any CPU
	EndGlobalSection
	GlobalSection(SolutionProperties) = preSolution
		HideSolutionNode = FALSE
	EndGlobalSection
	GlobalSection(ExtensibilityGlobals) = postSolution
		SolutionGuid = {371DAF20-514C-401F-900A-A4B9B001F8F9}
	EndGlobalSection
EndGlobal
